dependencies:
- name: trivy-operator
  repository: https://aquasecurity.github.io/helm-charts/
  version: 0.34.0
- name: kyverno
  repository: https://kyverno.github.io/kyverno/
  version: 3.8.1
- name: kubescape-operator
  repository: https://kubescape.github.io/helm-charts/
  version: 1.40.2
digest: sha256:e12c3776bc568bc91001aefceb71ef64c42dc67f3be3419b785e112d43a0e15e
generated: "2026-07-12T00:31:30.8419632+05:30"
